
Microsoft Visual Studio Solution File, Format Version 12.00
# Visual Studio 15
VisualStudioVersion = 15.0.27428.2037
MinimumVisualStudioVersion = 10.0.40219.1
Project("{FAE04EC0-301F-11D3-BF4B-00C04F79EFBC}") = "FoodieGoals.Web", "FoodieGoals.Web\FoodieGoals.Web.csproj", "{F91C2797-F1FC-4A35-8493-5508559890C4}"
EndProject
Global
	GlobalSection(SolutionConfigurationPlatforms) = preSolution
		Debug|Any CPU = Debug|Any CPU
		Release|Any CPU = Release|Any CPU
	EndGlobalSection
	GlobalSection(ProjectConfigurationPlatforms) = postSolution
		{F91C2797-F1FC-4A35-8493-5508559890C4}.Debug|Any CPU.ActiveCfg = Debug|Any CPU
		{F91C2797-F1FC-4A35-8493-5508559890C4}.Debug|Any CPU.Build.0 = Debug|Any CPU
		{F91C2797-F1FC-4A35-8493-5508559890C4}.Release|Any CPU.ActiveCfg = Release|Any CPU
		{F91C2797-F1FC-4A35-8493-5508559890C4}.Release|Any CPU.Build.0 = Release|Any CPU
	EndGlobalSection
	GlobalSection(SolutionProperties) = preSolution
		HideSolutionNode = FALSE
	EndGlobalSection
	GlobalSection(ExtensibilityGlobals) = postSolution
		SolutionGuid = {D107107F-084D-466F-8DAC-CCD3801FD27A}
	EndGlobalSection
EndGlobal
